
Microsoft Visual Studio Solution File, Format Version 12.00
# Visual Studio 15
VisualStudioVersion = 15.0.27428.2015
MinimumVisualStudioVersion = 10.0.40219.1
Project("{FAE04EC0-301F-11D3-BF4B-00C04F79EFBC}") = "ProyectoFinalDCU", "ProyectoFinalDCU\ProyectoFinalDCU.csproj", "{A141C13B-269A-4D1F-875C-FB8EC0AC38D3}"
EndProject
Global
	GlobalSection(SolutionConfigurationPlatforms) = preSolution
		Debug|Any CPU = Debug|Any CPU
		Release|Any CPU = Release|Any CPU
	EndGlobalSection
	GlobalSection(ProjectConfigurationPlatforms) = postSolution
		{A141C13B-269A-4D1F-875C-FB8EC0AC38D3}.Debug|Any CPU.ActiveCfg = Debug|Any CPU
		{A141C13B-269A-4D1F-875C-FB8EC0AC38D3}.Debug|Any CPU.Build.0 = Debug|Any CPU
		{A141C13B-269A-4D1F-875C-FB8EC0AC38D3}.Release|Any CPU.ActiveCfg = Release|Any CPU
		{A141C13B-269A-4D1F-875C-FB8EC0AC38D3}.Release|Any CPU.Build.0 = Release|Any CPU
	EndGlobalSection
	GlobalSection(SolutionProperties) = preSolution
		HideSolutionNode = FALSE
	EndGlobalSection
	GlobalSection(ExtensibilityGlobals) = postSolution
		SolutionGuid = {6D1397F1-FE34-44A4-80BA-B71A6346AC2D}
	EndGlobalSection
EndGlobal
